// !$*UTF8*$!
{
	archiveVersion = 1;
	classes = {
	};
	objectVersion = 51;
	objects = {

/* Begin PBXBuildFile section */
		4E128D2457CBD4D89DB9788E /* libPods-SightsTests.a in Frameworks */ = {isa = PBXBuildFile; fileRef = 99F54F37B7C2DD2D96D01514 /* libPods-SightsTests.a */; };
		5D84280D243C91E70097ABC9 /* sound.mp3 in Resources */ = {isa = PBXBuildFile; fileRef = 5D84280C243C91E70097ABC9 /* sound.mp3 */; };
		5D842813243CA8AB0097ABC9 /* Reward.pdf in Resources */ = {isa = PBXBuildFile; fileRef = 5D842812243CA8AA0097ABC9 /* Reward.pdf */; };
		5D842815243CA9230097ABC9 /* clapping.mp3 in Resources */ = {isa = PBXBuildFile; fileRef = 5D842814243CA9230097ABC9 /* clapping.mp3 */; };
		7499F9E0FA1A96F6FFE58FF2 /* libPods-Sights-SightsUITests.a in Frameworks */ = {isa = PBXBuildFile; fileRef = 6B6B3C5BE8CA86A58F5FF78B /* libPods-Sights-SightsUITests.a */; };
		C5A09D5DDC4625F16F26A304 /* libPods-Sights.a in Frameworks */ = {isa = PBXBuildFile; fileRef = 843CDF09A3AC5161CF2F8F86 /* libPods-Sights.a */; };
		E9196465243A36310010B8B6 /* RewardView.xib in Resources */ = {isa = PBXBuildFile; fileRef = E9196464243A36310010B8B6 /* RewardView.xib */; };
		E9196467243A387D0010B8B6 /* RewardView.swift in Sources */ = {isa = PBXBuildFile; fileRef = E9196466243A387D0010B8B6 /* RewardView.swift */; };
		E960222B240D11C400B8B18C /* LBNotification.swift in Sources */ = {isa = PBXBuildFile; fileRef = E960222A240D11C400B8B18C /* LBNotification.swift */; };
		E960226B241CD6E300B8B18C /* CoreMotionManager.swift in Sources */ = {isa = PBXBuildFile; fileRef = E960226A241CD6E300B8B18C /* CoreMotionManager.swift */; };
		E9A8443E23F4061500E3124B /* AppDelegate.swift in Sources */ = {isa = PBXBuildFile; fileRef = E9A8443D23F4061500E3124B /* AppDelegate.swift */; };
		E9A8444223F4061500E3124B /* ViewController.swift in Sources */ = {isa = PBXBuildFile; fileRef = E9A8444123F4061500E3124B /* ViewController.swift */; };
		E9A8444523F4061500E3124B /* Main.storyboard in Resources */ = {isa = PBXBuildFile; fileRef = E9A8444323F4061500E3124B /* Main.storyboard */; };
		E9A8444723F4061900E3124B /* Assets.xcassets in Resources */ = {isa = PBXBuildFile; fileRef = E9A8444623F4061900E3124B /* Assets.xcassets */; };
		E9A8444A23F4061900E3124B /* LaunchScreen.storyboard in Resources */ = {isa = PBXBuildFile; fileRef = E9A8444823F4061900E3124B /* LaunchScreen.storyboard */; };
		E9A8445523F4061900E3124B /* SightsTests.swift in Sources */ = {isa = PBXBuildFile; fileRef = E9A8445423F4061900E3124B /* SightsTests.swift */; };
		E9A8446023F4061900E3124B /* SightsUITests.swift in Sources */ = {isa = PBXBuildFile; fileRef = E9A8445F23F4061900E3124B /* SightsUITests.swift */; };
		E9A8447223F40C2E00E3124B /* Constants.swift in Sources */ = {isa = PBXBuildFile; fileRef = E9A8447123F40C2E00E3124B /* Constants.swift */; };
		E9A8447423F40C4500E3124B /* Alert.swift in Sources */ = {isa = PBXBuildFile; fileRef = E9A8447323F40C4500E3124B /* Alert.swift */; };
		E9A8447623F40C7300E3124B /* swift+gif.swift in Sources */ = {isa = PBXBuildFile; fileRef = E9A8447523F40C7300E3124B /* swift+gif.swift */; };
		E9A8447823F40CBC00E3124B /* sightsGif.gif in Resources */ = {isa = PBXBuildFile; fileRef = E9A8447723F40CBB00E3124B /* sightsGif.gif */; };
		E9A8447A23F4146B00E3124B /* RegisterViewController.swift in Sources */ = {isa = PBXBuildFile; fileRef = E9A8447923F4146B00E3124B /* RegisterViewController.swift */; };
		E9A8447C23F4148A00E3124B /* LoginViewController.swift in Sources */ = {isa = PBXBuildFile; fileRef = E9A8447B23F4148A00E3124B /* LoginViewController.swift */; };
		E9A8447E23F414B500E3124B /* HomeViewController.swift in Sources */ = {isa = PBXBuildFile; fileRef = E9A8447D23F414B500E3124B /* HomeViewController.swift */; };
		E9A8448023F414CA00E3124B /* GifViewController.swift in Sources */ = {isa = PBXBuildFile; fileRef = E9A8447F23F414CA00E3124B /* GifViewController.swift */; };
		E9A8448223F4167F00E3124B /* GoogleService-Info.plist in Resources */ = {isa = PBXBuildFile; fileRef = E9A8448123F4167F00E3124B /* GoogleService-Info.plist */; };
		E9A8448423F695FD00E3124B /* POIView.xib in Resources */ = {isa = PBXBuildFile; fileRef = E9A8448323F695FD00E3124B /* POIView.xib */; };
		E9A8448823F69AB700E3124B /* POIView.swift in Sources */ = {isa = PBXBuildFile; fileRef = E9A8448723F69AB700E3124B /* POIView.swift */; };
		E9A8448A23F7182100E3124B /* POI.swift in Sources */ = {isa = PBXBuildFile; fileRef = E9A8448923F7181F00E3124B /* POI.swift */; };
		E9A8448C23F98A7000E3124B /* CheckInternet.swift in Sources */ = {isa = PBXBuildFile; fileRef = E9A8448B23F98A6F00E3124B /* CheckInternet.swift */; };
		E9A8448E23F9EF8A00E3124B /* ListViewController.swift in Sources */ = {isa = PBXBuildFile; fileRef = E9A8448D23F9EF8900E3124B /* ListViewController.swift */; };
		E9A8449023F9EFA700E3124B /* ProfileViewController.swift in Sources */ = {isa = PBXBuildFile; fileRef = E9A8448F23F9EFA700E3124B /* ProfileViewController.swift */; };
		E9CCED02243B2B8B00B887A5 /* RewardViewController.swift in Sources */ = {isa = PBXBuildFile; fileRef = E9CCED01243B2B8B00B887A5 /* RewardViewController.swift */; };
		E9DA061C242E6E5B002CCE7A /* DrivingPopUp.xib in Resources */ = {isa = PBXBuildFile; fileRef = E9DA061B242E6E5B002CCE7A /* DrivingPopUp.xib */; };
		E9DA061E242E7057002CCE7A /* DrivingPopUp.swift in Sources */ = {isa = PBXBuildFile; fileRef = E9DA061D242E7057002CCE7A /* DrivingPopUp.swift */; };
		E9DA062824336D6B002CCE7A /* RecommendationCell.swift in Sources */ = {isa = PBXBuildFile; fileRef = E9DA062424336D6A002CCE7A /* RecommendationCell.swift */; };
		E9DA062A24336D6B002CCE7A /* NotificationCell.swift in Sources */ = {isa = PBXBuildFile; fileRef = E9DA062624336D6A002CCE7A /* NotificationCell.swift */; };
		E9DA062B24336D6B002CCE7A /* SwiftExtensionClass.swift in Sources */ = {isa = PBXBuildFile; fileRef = E9DA062724336D6A002CCE7A /* SwiftExtensionClass.swift */; };
		E9DA062D24336DDB002CCE7A /* PopUpDetailViewController.swift in Sources */ = {isa = PBXBuildFile; fileRef = E9DA062C24336DDB002CCE7A /* PopUpDetailViewController.swift */; };
		E9DA062F24336DFD002CCE7A /* User.swift in Sources */ = {isa = PBXBuildFile; fileRef = E9DA062E24336DFC002CCE7A /* User.swift */; };
		E9DA06312433B468002CCE7A /* PopUpDetailViewController.xib in Resources */ = {isa = PBXBuildFile; fileRef = E9DA06302433B468002CCE7A /* PopUpDetailViewController.xib */; };
		E9DA06572433CCBF002CCE7A /* SecondMain.storyboard in Resources */ = {isa = PBXBuildFile; fileRef = E9DA06562433CCBF002CCE7A /* SecondMain.storyboard */; };
		E9DA06592433CDD8002CCE7A /* SplashViewController.swift in Sources */ = {isa = PBXBuildFile; fileRef = E9DA06582433CDD8002CCE7A /* SplashViewController.swift */; };
		E9DA065D2434BD55002CCE7A /* Guest.storyboard in Resources */ = {isa = PBXBuildFile; fileRef = E9DA065C2434BD55002CCE7A /* Guest.storyboard */; };
		E9DA065F2434C245002CCE7A /* GuestViewController.swift in Sources */ = {isa = PBXBuildFile; fileRef = E9DA065E2434C245002CCE7A /* GuestViewController.swift */; };
		E9DA06612435DDF1002CCE7A /* WeatherData.swift in Sources */ = {isa = PBXBuildFile; fileRef = E9DA06602435DDF1002CCE7A /* WeatherData.swift */; };
		E9DA06632435DE22002CCE7A /* WeatherManager.swift in Sources */ = {isa = PBXBuildFile; fileRef = E9DA06622435DE22002CCE7A /* WeatherManager.swift */; };
		E9DA06652435DE41002CCE7A /* WeatherModel.swift in Sources */ = {isa = PBXBuildFile; fileRef = E9DA06642435DE41002CCE7A /* WeatherModel.swift */; };
		E9DA0668243608AB002CCE7A /* Challenge.swift in Sources */ = {isa = PBXBuildFile; fileRef = E9DA0667243608AB002CCE7A /* Challenge.swift */; };
		E9DA066A24360B5B002CCE7A /* HiddenObject.swift in Sources */ = {isa = PBXBuildFile; fileRef = E9DA066924360B5B002CCE7A /* HiddenObject.swift */; };
		E9DA066C243623AB002CCE7A /* ChallengeViewController.swift in Sources */ = {isa = PBXBuildFile; fileRef = E9DA066B243623AB002CCE7A /* ChallengeViewController.swift */; };
		E9DA067424363A99002CCE7A /* ChallengePopUpVC.swift in Sources */ = {isa = PBXBuildFile; fileRef = E9DA067324363A99002CCE7A /* ChallengePopUpVC.swift */; };
/* End PBXBuildFile section */

/* Begin PBXContainerItemProxy section */
		E9A8445123F4061900E3124B /* PBXContainerItemProxy */ = {
			isa = PBXContainerItemProxy;
			containerPortal = E9A8443223F4061500E3124B /* Project object */;
			proxyType = 1;
			remoteGlobalIDString = E9A8443923F4061500E3124B;
			remoteInfo = Sights;
		};
		E9A8445C23F4061900E3124B /* PBXContainerItemProxy */ = {
			isa = PBXContainerItemProxy;
			containerPortal = E9A8443223F4061500E3124B /* Project object */;
			proxyType = 1;
			remoteGlobalIDString = E9A8443923F4061500E3124B;
			remoteInfo = Sights;
		};
/* End PBXContainerItemProxy section */

/* Begin PBXFileReference section */
		2B524A13305FC610982A0996 /* Pods-Sights.debug.xcconfig */ = {isa = PBXFileReference; includeInIndex = 1; lastKnownFileType = text.xcconfig; name = "Pods-Sights.debug.xcconfig"; path = "Target Support Files/Pods-Sights/Pods-Sights.debug.xcconfig"; sourceTree = "<group>"; };
		2CFC476A6E891DD891E44F38 /* Pods-SightsTests.debug.xcconfig */ = {isa = PBXFileReference; includeInIndex = 1; lastKnownFileType = text.xcconfig; name = "Pods-SightsTests.debug.xcconfig"; path = "Target Support Files/Pods-SightsTests/Pods-SightsTests.debug.xcconfig"; sourceTree = "<group>"; };
		5D84280C243C91E70097ABC9 /* sound.mp3 */ = {isa = PBXFileReference; lastKnownFileType = audio.mp3; path = sound.mp3; sourceTree = "<group>"; };
		5D842812243CA8AA0097ABC9 /* Reward.pdf */ = {isa = PBXFileReference; lastKnownFileType = image.pdf; path = Reward.pdf; sourceTree = "<group>"; };
		5D842814243CA9230097ABC9 /* clapping.mp3 */ = {isa = PBXFileReference; lastKnownFileType = audio.mp3; path = clapping.mp3; sourceTree = "<group>"; };
		618379A645DD4489B09946D4 /* Pods-Sights-SightsUITests.release.xcconfig */ = {isa = PBXFileReference; includeInIndex = 1; lastKnownFileType = text.xcconfig; name = "Pods-Sights-SightsUITests.release.xcconfig"; path = "Target Support Files/Pods-Sights-SightsUITests/Pods-Sights-SightsUITests.release.xcconfig"; sourceTree = "<group>"; };
		6B6B3C5BE8CA86A58F5FF78B /* libPods-Sights-SightsUITests.a */ = {isa = PBXFileReference; explicitFileType = archive.ar; includeInIndex = 0; path = "libPods-Sights-SightsUITests.a"; sourceTree = BUILT_PRODUCTS_DIR; };
		843CDF09A3AC5161CF2F8F86 /* libPods-Sights.a */ = {isa = PBXFileReference; explicitFileType = archive.ar; includeInIndex = 0; path = "libPods-Sights.a"; sourceTree = BUILT_PRODUCTS_DIR; };
		8AAC6B5AAFC391BDE7F270CB /* Pods-Sights-SightsUITests.debug.xcconfig */ = {isa = PBXFileReference; includeInIndex = 1; lastKnownFileType = text.xcconfig; name = "Pods-Sights-SightsUITests.debug.xcconfig"; path = "Target Support Files/Pods-Sights-SightsUITests/Pods-Sights-SightsUITests.debug.xcconfig"; sourceTree = "<group>"; };
		99F54F37B7C2DD2D96D01514 /* libPods-SightsTests.a */ = {isa = PBXFileReference; explicitFileType = archive.ar; includeInIndex = 0; path = "libPods-SightsTests.a"; sourceTree = BUILT_PRODUCTS_DIR; };
		AB903413DAF400D9B9C0A7D6 /* Pods-Sights.release.xcconfig */ = {isa = PBXFileReference; includeInIndex = 1; lastKnownFileType = text.xcconfig; name = "Pods-Sights.release.xcconfig"; path = "Target Support Files/Pods-Sights/Pods-Sights.release.xcconfig"; sourceTree = "<group>"; };
		E52A5DEC87F31DF609B32AEF /* Pods-SightsTests.release.xcconfig */ = {isa = PBXFileReference; includeInIndex = 1; lastKnownFileType = text.xcconfig; name = "Pods-SightsTests.release.xcconfig"; path = "Target Support Files/Pods-SightsTests/Pods-SightsTests.release.xcconfig"; sourceTree = "<group>"; };
		E9196464243A36310010B8B6 /* RewardView.xib */ = {isa = PBXFileReference; lastKnownFileType = file.xib; path = RewardView.xib; sourceTree = "<group>"; };
		E9196466243A387D0010B8B6 /* RewardView.swift */ = {isa = PBXFileReference; lastKnownFileType = sourcecode.swift; path = RewardView.swift; sourceTree = "<group>"; };
		E960222A240D11C400B8B18C /* LBNotification.swift */ = {isa = PBXFileReference; lastKnownFileType = sourcecode.swift; path = LBNotification.swift; sourceTree = "<group>"; };
		E960226A241CD6E300B8B18C /* CoreMotionManager.swift */ = {isa = PBXFileReference; lastKnownFileType = sourcecode.swift; path = CoreMotionManager.swift; sourceTree = "<group>"; };
		E9A8443A23F4061500E3124B /* Sights.app */ = {isa = PBXFileReference; explicitFileType = wrapper.application; includeInIndex = 0; path = Sights.app; sourceTree = BUILT_PRODUCTS_DIR; };
		E9A8443D23F4061500E3124B /* AppDelegate.swift */ = {isa = PBXFileReference; lastKnownFileType = sourcecode.swift; path = AppDelegate.swift; sourceTree = "<group>"; };
		E9A8444123F4061500E3124B /* ViewController.swift */ = {isa = PBXFileReference; lastKnownFileType = sourcecode.swift; path = ViewController.swift; sourceTree = "<group>"; };
		E9A8444423F4061500E3124B /* Base */ = {isa = PBXFileReference; lastKnownFileType = file.storyboard; name = Base; path = Base.lproj/Main.storyboard; sourceTree = "<group>"; };
		E9A8444623F4061900E3124B /* Assets.xcassets */ = {isa = PBXFileReference; lastKnownFileType = folder.assetcatalog; path = Assets.xcassets; sourceTree = "<group>"; };
		E9A8444923F4061900E3124B /* Base */ = {isa = PBXFileReference; lastKnownFileType = file.storyboard; name = Base; path = Base.lproj/LaunchScreen.storyboard; sourceTree = "<group>"; };
		E9A8444B23F4061900E3124B /* Info.plist */ = {isa = PBXFileReference; lastKnownFileType = text.plist.xml; path = Info.plist; sourceTree = "<group>"; };
		E9A8445023F4061900E3124B /* SightsTests.xctest */ = {isa = PBXFileReference; explicitFileType = wrapper.cfbundle; includeInIndex = 0; path = SightsTests.xctest; sourceTree = BUILT_PRODUCTS_DIR; };
		E9A8445423F4061900E3124B /* SightsTests.swift */ = {isa = PBXFileReference; lastKnownFileType = sourcecode.swift; path = SightsTests.swift; sourceTree = "<group>"; };
		E9A8445623F4061900E3124B /* Info.plist */ = {isa = PBXFileReference; lastKnownFileType = text.plist.xml; path = Info.plist; sourceTree = "<group>"; };
		E9A8445B23F4061900E3124B /* SightsUITests.xctest */ = {isa = PBXFileReference; explicitFileType = wrapper.cfbundle; includeInIndex = 0; path = SightsUITests.xctest; sourceTree = BUILT_PRODUCTS_DIR; };
		E9A8445F23F4061900E3124B /* SightsUITests.swift */ = {isa = PBXFileReference; lastKnownFileType = sourcecode.swift; path = SightsUITests.swift; sourceTree = "<group>"; };
		E9A8446123F4061900E3124B /* Info.plist */ = {isa = PBXFileReference; lastKnownFileType = text.plist.xml; path = Info.plist; sourceTree = "<group>"; };
		E9A8447123F40C2E00E3124B /* Constants.swift */ = {isa = PBXFileReference; lastKnownFileType = sourcecode.swift; path = Constants.swift; sourceTree = "<group>"; };
		E9A8447323F40C4500E3124B /* Alert.swift */ = {isa = PBXFileReference; lastKnownFileType = sourcecode.swift; path = Alert.swift; sourceTree = "<group>"; };
		E9A8447523F40C7300E3124B /* swift+gif.swift */ = {isa = PBXFileReference; lastKnownFileType = sourcecode.swift; path = "swift+gif.swift"; sourceTree = "<group>"; };
		E9A8447723F40CBB00E3124B /* sightsGif.gif */ = {isa = PBXFileReference; lastKnownFileType = image.gif; path = sightsGif.gif; sourceTree = "<group>"; };
		E9A8447923F4146B00E3124B /* RegisterViewController.swift */ = {isa = PBXFileReference; lastKnownFileType = sourcecode.swift; path = RegisterViewController.swift; sourceTree = "<group>"; };
		E9A8447B23F4148A00E3124B /* LoginViewController.swift */ = {isa = PBXFileReference; lastKnownFileType = sourcecode.swift; path = LoginViewController.swift; sourceTree = "<group>"; };
		E9A8447D23F414B500E3124B /* HomeViewController.swift */ = {isa = PBXFileReference; lastKnownFileType = sourcecode.swift; path = HomeViewController.swift; sourceTree = "<group>"; };
		E9A8447F23F414CA00E3124B /* GifViewController.swift */ = {isa = PBXFileReference; lastKnownFileType = sourcecode.swift; path = GifViewController.swift; sourceTree = "<group>"; };
		E9A8448123F4167F00E3124B /* GoogleService-Info.plist */ = {isa = PBXFileReference; fileEncoding = 4; lastKnownFileType = text.plist.xml; path = "GoogleService-Info.plist"; sourceTree = "<group>"; };
		E9A8448323F695FD00E3124B /* POIView.xib */ = {isa = PBXFileReference; lastKnownFileType = file.xib; path = POIView.xib; sourceTree = "<group>"; };
		E9A8448723F69AB700E3124B /* POIView.swift */ = {isa = PBXFileReference; lastKnownFileType = sourcecode.swift; path = POIView.swift; sourceTree = "<group>"; };
		E9A8448923F7181F00E3124B /* POI.swift */ = {isa = PBXFileReference; lastKnownFileType = sourcecode.swift; path = POI.swift; sourceTree = "<group>"; };
		E9A8448B23F98A6F00E3124B /* CheckInternet.swift */ = {isa = PBXFileReference; lastKnownFileType = sourcecode.swift; path = CheckInternet.swift; sourceTree = "<group>"; };
		E9A8448D23F9EF8900E3124B /* ListViewController.swift */ = {isa = PBXFileReference; lastKnownFileType = sourcecode.swift; path = ListViewController.swift; sourceTree = "<group>"; };
		E9A8448F23F9EFA700E3124B /* ProfileViewController.swift */ = {isa = PBXFileReference; lastKnownFileType = sourcecode.swift; path = ProfileViewController.swift; sourceTree = "<group>"; };
		E9CCED01243B2B8B00B887A5 /* RewardViewController.swift */ = {isa = PBXFileReference; lastKnownFileType = sourcecode.swift; path = RewardViewController.swift; sourceTree = "<group>"; };
		E9DA061B242E6E5B002CCE7A /* DrivingPopUp.xib */ = {isa = PBXFileReference; lastKnownFileType = file.xib; path = DrivingPopUp.xib; sourceTree = "<group>"; };
		E9DA061D242E7057002CCE7A /* DrivingPopUp.swift */ = {isa = PBXFileReference; lastKnownFileType = sourcecode.swift; path = DrivingPopUp.swift; sourceTree = "<group>"; };
		E9DA062424336D6A002CCE7A /* RecommendationCell.swift */ = {isa = PBXFileReference; fileEncoding = 4; lastKnownFileType = sourcecode.swift; path = RecommendationCell.swift; sourceTree = "<group>"; };
		E9DA062624336D6A002CCE7A /* NotificationCell.swift */ = {isa = PBXFileReference; fileEncoding = 4; lastKnownFileType = sourcecode.swift; path = NotificationCell.swift; sourceTree = "<group>"; };
		E9DA062724336D6A002CCE7A /* SwiftExtensionClass.swift */ = {isa = PBXFileReference; fileEncoding = 4; lastKnownFileType = sourcecode.swift; path = SwiftExtensionClass.swift; sourceTree = "<group>"; };
		E9DA062C24336DDB002CCE7A /* PopUpDetailViewController.swift */ = {isa = PBXFileReference; fileEncoding = 4; lastKnownFileType = sourcecode.swift; path = PopUpDetailViewController.swift; sourceTree = "<group>"; };
		E9DA062E24336DFC002CCE7A /* User.swift */ = {isa = PBXFileReference; fileEncoding = 4; lastKnownFileType = sourcecode.swift; path = User.swift; sourceTree = "<group>"; };
		E9DA06302433B468002CCE7A /* PopUpDetailViewController.xib */ = {isa = PBXFileReference; fileEncoding = 4; lastKnownFileType = file.xib; path = PopUpDetailViewController.xib; sourceTree = "<group>"; };
		E9DA06562433CCBF002CCE7A /* SecondMain.storyboard */ = {isa = PBXFileReference; fileEncoding = 4; lastKnownFileType = file.storyboard; path = SecondMain.storyboard; sourceTree = "<group>"; };
		E9DA06582433CDD8002CCE7A /* SplashViewController.swift */ = {isa = PBXFileReference; fileEncoding = 4; lastKnownFileType = sourcecode.swift; path = SplashViewController.swift; sourceTree = "<group>"; };
		E9DA065C2434BD55002CCE7A /* Guest.storyboard */ = {isa = PBXFileReference; lastKnownFileType = file.storyboard; path = Guest.storyboard; sourceTree = "<group>"; };
		E9DA065E2434C245002CCE7A /* GuestViewController.swift */ = {isa = PBXFileReference; lastKnownFileType = sourcecode.swift; path = GuestViewController.swift; sourceTree = "<group>"; };
		E9DA06602435DDF1002CCE7A /* WeatherData.swift */ = {isa = PBXFileReference; lastKnownFileType = sourcecode.swift; path = WeatherData.swift; sourceTree = "<group>"; };
		E9DA06622435DE22002CCE7A /* WeatherManager.swift */ = {isa = PBXFileReference; lastKnownFileType = sourcecode.swift; path = WeatherManager.swift; sourceTree = "<group>"; };
		E9DA06642435DE41002CCE7A /* WeatherModel.swift */ = {isa = PBXFileReference; lastKnownFileType = sourcecode.swift; path = WeatherModel.swift; sourceTree = "<group>"; };
		E9DA0667243608AB002CCE7A /* Challenge.swift */ = {isa = PBXFileReference; lastKnownFileType = sourcecode.swift; path = Challenge.swift; sourceTree = "<group>"; };
		E9DA066924360B5B002CCE7A /* HiddenObject.swift */ = {isa = PBXFileReference; lastKnownFileType = sourcecode.swift; path = HiddenObject.swift; sourceTree = "<group>"; };
		E9DA066B243623AB002CCE7A /* ChallengeViewController.swift */ = {isa = PBXFileReference; lastKnownFileType = sourcecode.swift; path = ChallengeViewController.swift; sourceTree = "<group>"; };
		E9DA067324363A99002CCE7A /* ChallengePopUpVC.swift */ = {isa = PBXFileReference; lastKnownFileType = sourcecode.swift; path = ChallengePopUpVC.swift; sourceTree = "<group>"; };
/* End PBXFileReference section */

/* Begin PBXFrameworksBuildPhase section */
		E9A8443723F4061500E3124B /* Frameworks */ = {
			isa = PBXFrameworksBuildPhase;
			buildActionMask = 2147483647;
			files = (
				C5A09D5DDC4625F16F26A304 /* libPods-Sights.a in Frameworks */,
			);
			runOnlyForDeploymentPostprocessing = 0;
		};
		E9A8444D23F4061900E3124B /* Frameworks */ = {
			isa = PBXFrameworksBuildPhase;
			buildActionMask = 2147483647;
			files = (
				4E128D2457CBD4D89DB9788E /* libPods-SightsTests.a in Frameworks */,
			);
			runOnlyForDeploymentPostprocessing = 0;
		};
		E9A8445823F4061900E3124B /* Frameworks */ = {
			isa = PBXFrameworksBuildPhase;
			buildActionMask = 2147483647;
			files = (
				7499F9E0FA1A96F6FFE58FF2 /* libPods-Sights-SightsUITests.a in Frameworks */,
			);
			runOnlyForDeploymentPostprocessing = 0;
		};
/* End PBXFrameworksBuildPhase section */

/* Begin PBXGroup section */
		5D84280B243C90630097ABC9 /* sound */ = {
			isa = PBXGroup;
			children = (
				5D84280C243C91E70097ABC9 /* sound.mp3 */,
				5D842814243CA9230097ABC9 /* clapping.mp3 */,
			);
			path = sound;
			sourceTree = "<group>";
		};
		624FF6D66A5AC4BF5B96AE2C /* Pods */ = {
			isa = PBXGroup;
			children = (
				2B524A13305FC610982A0996 /* Pods-Sights.debug.xcconfig */,
				AB903413DAF400D9B9C0A7D6 /* Pods-Sights.release.xcconfig */,
				8AAC6B5AAFC391BDE7F270CB /* Pods-Sights-SightsUITests.debug.xcconfig */,
				618379A645DD4489B09946D4 /* Pods-Sights-SightsUITests.release.xcconfig */,
				2CFC476A6E891DD891E44F38 /* Pods-SightsTests.debug.xcconfig */,
				E52A5DEC87F31DF609B32AEF /* Pods-SightsTests.release.xcconfig */,
			);
			path = Pods;
			sourceTree = "<group>";
		};
		A1F68B71DD350F10B8EE5468 /* Frameworks */ = {
			isa = PBXGroup;
			children = (
				843CDF09A3AC5161CF2F8F86 /* libPods-Sights.a */,
				6B6B3C5BE8CA86A58F5FF78B /* libPods-Sights-SightsUITests.a */,
				99F54F37B7C2DD2D96D01514 /* libPods-SightsTests.a */,
			);
			name = Frameworks;
			sourceTree = "<group>";
		};
		E9A8443123F4061500E3124B = {
			isa = PBXGroup;
			children = (
				5D84280B243C90630097ABC9 /* sound */,
				E9A8443C23F4061500E3124B /* Sights */,
				E9A8445323F4061900E3124B /* SightsTests */,
				E9A8445E23F4061900E3124B /* SightsUITests */,
				E9A8443B23F4061500E3124B /* Products */,
				624FF6D66A5AC4BF5B96AE2C /* Pods */,
				A1F68B71DD350F10B8EE5468 /* Frameworks */,
			);
			sourceTree = "<group>";
		};
		E9A8443B23F4061500E3124B /* Products */ = {
			isa = PBXGroup;
			children = (
				E9A8443A23F4061500E3124B /* Sights.app */,
				E9A8445023F4061900E3124B /* SightsTests.xctest */,
				E9A8445B23F4061900E3124B /* SightsUITests.xctest */,
			);
			name = Products;
			sourceTree = "<group>";
		};
		E9A8443C23F4061500E3124B /* Sights */ = {
			isa = PBXGroup;
			children = (
				5D842812243CA8AA0097ABC9 /* Reward.pdf */,
				E9A8443D23F4061500E3124B /* AppDelegate.swift */,
				E9DA062324336D6A002CCE7A /* UI */,
				E9A8446F23F40BBC00E3124B /* Models */,
				E9A8446E23F40BB600E3124B /* Views */,
				E9A8446D23F40BA800E3124B /* Controllers */,
				E9A8444323F4061500E3124B /* Main.storyboard */,
				E9DA06562433CCBF002CCE7A /* SecondMain.storyboard */,
				E9DA065C2434BD55002CCE7A /* Guest.storyboard */,
				E9A8444623F4061900E3124B /* Assets.xcassets */,
				E9A8447023F40BC700E3124B /* Helpers */,
				E9A8444823F4061900E3124B /* LaunchScreen.storyboard */,
				E9A8447723F40CBB00E3124B /* sightsGif.gif */,
				E9A8448123F4167F00E3124B /* GoogleService-Info.plist */,
				E9A8444B23F4061900E3124B /* Info.plist */,
			);
			path = Sights;
			sourceTree = "<group>";
		};
		E9A8445323F4061900E3124B /* SightsTests */ = {
			isa = PBXGroup;
			children = (
				E9A8445423F4061900E3124B /* SightsTests.swift */,
				E9A8445623F4061900E3124B /* Info.plist */,
			);
			path = SightsTests;
			sourceTree = "<group>";
		};
		E9A8445E23F4061900E3124B /* SightsUITests */ = {
			isa = PBXGroup;
			children = (
				E9A8445F23F4061900E3124B /* SightsUITests.swift */,
				E9A8446123F4061900E3124B /* Info.plist */,
			);
			path = SightsUITests;
			sourceTree = "<group>";
		};
		E9A8446D23F40BA800E3124B /* Controllers */ = {
			isa = PBXGroup;
			children = (
				E9A8447923F4146B00E3124B /* RegisterViewController.swift */,
				E9A8447B23F4148A00E3124B /* LoginViewController.swift */,
				E9A8447D23F414B500E3124B /* HomeViewController.swift */,
				E9A8448D23F9EF8900E3124B /* ListViewController.swift */,
				E9DA066B243623AB002CCE7A /* ChallengeViewController.swift */,
				E9DA067324363A99002CCE7A /* ChallengePopUpVC.swift */,
				E9CCED01243B2B8B00B887A5 /* RewardViewController.swift */,
				E9A8448F23F9EFA700E3124B /* ProfileViewController.swift */,
				E9A8444123F4061500E3124B /* ViewController.swift */,
				E9DA062C24336DDB002CCE7A /* PopUpDetailViewController.swift */,
				E9DA06582433CDD8002CCE7A /* SplashViewController.swift */,
				E9A8447F23F414CA00E3124B /* GifViewController.swift */,
				E9DA065E2434C245002CCE7A /* GuestViewController.swift */,
			);
			path = Controllers;
			sourceTree = "<group>";
		};
		E9A8446E23F40BB600E3124B /* Views */ = {
			isa = PBXGroup;
			children = (
				E9A8448323F695FD00E3124B /* POIView.xib */,
				E9A8448723F69AB700E3124B /* POIView.swift */,
				E9DA061B242E6E5B002CCE7A /* DrivingPopUp.xib */,
				E9DA061D242E7057002CCE7A /* DrivingPopUp.swift */,
				E9196464243A36310010B8B6 /* RewardView.xib */,
				E9196466243A387D0010B8B6 /* RewardView.swift */,
			);
			path = Views;
			sourceTree = "<group>";
		};
		E9A8446F23F40BBC00E3124B /* Models */ = {
			isa = PBXGroup;
			children = (
				E9DA062E24336DFC002CCE7A /* User.swift */,
				E9A8448923F7181F00E3124B /* POI.swift */,
				E960222A240D11C400B8B18C /* LBNotification.swift */,
				E960226A241CD6E300B8B18C /* CoreMotionManager.swift */,
				E9DA0667243608AB002CCE7A /* Challenge.swift */,
				E9DA066924360B5B002CCE7A /* HiddenObject.swift */,
				E9DA06662435DE60002CCE7A /* Weather */,
			);
			path = Models;
			sourceTree = "<group>";
		};
		E9A8447023F40BC700E3124B /* Helpers */ = {
			isa = PBXGroup;
			children = (
				E9A8447123F40C2E00E3124B /* Constants.swift */,
				E9A8447323F40C4500E3124B /* Alert.swift */,
				E9A8447523F40C7300E3124B /* swift+gif.swift */,
				E9A8448B23F98A6F00E3124B /* CheckInternet.swift */,
			);
			path = Helpers;
			sourceTree = "<group>";
		};
		E9DA062324336D6A002CCE7A /* UI */ = {
			isa = PBXGroup;
			children = (
				E9DA06302433B468002CCE7A /* PopUpDetailViewController.xib */,
				E9DA062424336D6A002CCE7A /* RecommendationCell.swift */,
				E9DA062624336D6A002CCE7A /* NotificationCell.swift */,
				E9DA062724336D6A002CCE7A /* SwiftExtensionClass.swift */,
			);
			path = UI;
			sourceTree = "<group>";
		};
		E9DA06662435DE60002CCE7A /* Weather */ = {
			isa = PBXGroup;
			children = (
				E9DA06602435DDF1002CCE7A /* WeatherData.swift */,
				E9DA06622435DE22002CCE7A /* WeatherManager.swift */,
				E9DA06642435DE41002CCE7A /* WeatherModel.swift */,
			);
			path = Weather;
			sourceTree = "<group>";
		};
/* End PBXGroup section */

/* Begin PBXNativeTarget section */
		E9A8443923F4061500E3124B /* Sights */ = {
			isa = PBXNativeTarget;
			buildConfigurationList = E9A8446423F4061900E3124B /* Build configuration list for PBXNativeTarget "Sights" */;
			buildPhases = (
				471F1E643D000F1FDB6323EA /* [CP] Check Pods Manifest.lock */,
				E9A8443623F4061500E3124B /* Sources */,
				E9A8443723F4061500E3124B /* Frameworks */,
				E9A8443823F4061500E3124B /* Resources */,
				C6D290EC1E49F884697E687B /* [CP] Copy Pods Resources */,
			);
			buildRules = (
			);
			dependencies = (
			);
			name = Sights;
			productName = Sights;
			productReference = E9A8443A23F4061500E3124B /* Sights.app */;
			productType = "com.apple.product-type.application";
		};
		E9A8444F23F4061900E3124B /* SightsTests */ = {
			isa = PBXNativeTarget;
			buildConfigurationList = E9A8446723F4061900E3124B /* Build configuration list for PBXNativeTarget "SightsTests" */;
			buildPhases = (
				DACC239F9FF9B13A3BA24F07 /* [CP] Check Pods Manifest.lock */,
				E9A8444C23F4061900E3124B /* Sources */,
				E9A8444D23F4061900E3124B /* Frameworks */,
				E9A8444E23F4061900E3124B /* Resources */,
			);
			buildRules = (
			);
			dependencies = (
				E9A8445223F4061900E3124B /* PBXTargetDependency */,
			);
			name = SightsTests;
			productName = SightsTests;
			productReference = E9A8445023F4061900E3124B /* SightsTests.xctest */;
			productType = "com.apple.product-type.bundle.unit-test";
		};
		E9A8445A23F4061900E3124B /* SightsUITests */ = {
			isa = PBXNativeTarget;
			buildConfigurationList = E9A8446A23F4061900E3124B /* Build configuration list for PBXNativeTarget "SightsUITests" */;
			buildPhases = (
				2AF6D09C189BAA5B597A9FCC /* [CP] Check Pods Manifest.lock */,
				E9A8445723F4061900E3124B /* Sources */,
				E9A8445823F4061900E3124B /* Frameworks */,
				E9A8445923F4061900E3124B /* Resources */,
				708EBBE581927D6B87DCD672 /* [CP] Copy Pods Resources */,
			);
			buildRules = (
			);
			dependencies = (
				E9A8445D23F4061900E3124B /* PBXTargetDependency */,
			);
			name = SightsUITests;
			productName = SightsUITests;
			productReference = E9A8445B23F4061900E3124B /* SightsUITests.xctest */;
			productType = "com.apple.product-type.bundle.ui-testing";
		};
/* End PBXNativeTarget section */

/* Begin PBXProject section */
		E9A8443223F4061500E3124B /* Project object */ = {
			isa = PBXProject;
			attributes = {
				LastSwiftUpdateCheck = 1130;
				LastUpgradeCheck = 1130;
				ORGANIZATIONNAME = "Lina Alkhodair";
				TargetAttributes = {
					E9A8443923F4061500E3124B = {
						CreatedOnToolsVersion = 11.3;
					};
					E9A8444F23F4061900E3124B = {
						CreatedOnToolsVersion = 11.3;
						TestTargetID = E9A8443923F4061500E3124B;
					};
					E9A8445A23F4061900E3124B = {
						CreatedOnToolsVersion = 11.3;
						TestTargetID = E9A8443923F4061500E3124B;
					};
				};
			};
			buildConfigurationList = E9A8443523F4061500E3124B /* Build configuration list for PBXProject "Sights" */;
			compatibilityVersion = "Xcode 9.3";
			developmentRegion = en;
			hasScannedForEncodings = 0;
			knownRegions = (
				en,
				Base,
			);
			mainGroup = E9A8443123F4061500E3124B;
			productRefGroup = E9A8443B23F4061500E3124B /* Products */;
			projectDirPath = "";
			projectRoot = "";
			targets = (
				E9A8443923F4061500E3124B /* Sights */,
				E9A8444F23F4061900E3124B /* SightsTests */,
				E9A8445A23F4061900E3124B /* SightsUITests */,
			);
		};
/* End PBXProject section */

/* Begin PBXResourcesBuildPhase section */
		E9A8443823F4061500E3124B /* Resources */ = {
			isa = PBXResourcesBuildPhase;
			buildActionMask = 2147483647;
			files = (
				5D84280D243C91E70097ABC9 /* sound.mp3 in Resources */,
				E9A8444A23F4061900E3124B /* LaunchScreen.storyboard in Resources */,
				E9DA065D2434BD55002CCE7A /* Guest.storyboard in Resources */,
				E9A8448423F695FD00E3124B /* POIView.xib in Resources */,
				E9A8447823F40CBC00E3124B /* sightsGif.gif in Resources */,
				E9DA061C242E6E5B002CCE7A /* DrivingPopUp.xib in Resources */,
				E9A8448223F4167F00E3124B /* GoogleService-Info.plist in Resources */,
				E9DA06312433B468002CCE7A /* PopUpDetailViewController.xib in Resources */,
				E9A8444723F4061900E3124B /* Assets.xcassets in Resources */,
				E9DA06572433CCBF002CCE7A /* SecondMain.storyboard in Resources */,
				E9196465243A36310010B8B6 /* RewardView.xib in Resources */,
				5D842813243CA8AB0097ABC9 /* Reward.pdf in Resources */,
				5D842815243CA9230097ABC9 /* clapping.mp3 in Resources */,
				E9A8444523F4061500E3124B /* Main.storyboard in Resources */,
			);
			runOnlyForDeploymentPostprocessing = 0;
		};
		E9A8444E23F4061900E3124B /* Resources */ = {
			isa = PBXResourcesBuildPhase;
			buildActionMask = 2147483647;
			files = (
			);
			runOnlyForDeploymentPostprocessing = 0;
		};
		E9A8445923F4061900E3124B /* Resources */ = {
			isa = PBXResourcesBuildPhase;
			buildActionMask = 2147483647;
			files = (
			);
			runOnlyForDeploymentPostprocessing = 0;
		};
/* End PBXResourcesBuildPhase section */

/* Begin PBXShellScriptBuildPhase section */
		2AF6D09C189BAA5B597A9FCC /* [CP] Check Pods Manifest.lock */ = {
			isa = PBXShellScriptBuildPhase;
			buildActionMask = 2147483647;
			files = (
			);
			inputFileListPaths = (
			);
			inputPaths = (
				"${PODS_PODFILE_DIR_PATH}/Podfile.lock",
				"${PODS_ROOT}/Manifest.lock",
			);
			name = "[CP] Check Pods Manifest.lock";
			outputFileListPaths = (
			);
			outputPaths = (
				"$(DERIVED_FILE_DIR)/Pods-Sights-SightsUITests-checkManifestLockResult.txt",
			);
			runOnlyForDeploymentPostprocessing = 0;
			shellPath = /bin/sh;
			shellScript = "diff \"${PODS_PODFILE_DIR_PATH}/Podfile.lock\" \"${PODS_ROOT}/Manifest.lock\" > /dev/null\nif [ $? != 0 ] ; then\n    # print error to STDERR\n    echo \"error: The sandbox is not in sync with the Podfile.lock. Run 'pod install' or update your CocoaPods installation.\" >&2\n    exit 1\nfi\n# This output is used by Xcode 'outputs' to avoid re-running this script phase.\necho \"SUCCESS\" > \"${SCRIPT_OUTPUT_FILE_0}\"\n";
			showEnvVarsInLog = 0;
		};
		471F1E643D000F1FDB6323EA /* [CP] Check Pods Manifest.lock */ = {
			isa = PBXShellScriptBuildPhase;
			buildActionMask = 2147483647;
			files = (
			);
			inputFileListPaths = (
			);
			inputPaths = (
				"${PODS_PODFILE_DIR_PATH}/Podfile.lock",
				"${PODS_ROOT}/Manifest.lock",
			);
			name = "[CP] Check Pods Manifest.lock";
			outputFileListPaths = (
			);
			outputPaths = (
				"$(DERIVED_FILE_DIR)/Pods-Sights-checkManifestLockResult.txt",
			);
			runOnlyForDeploymentPostprocessing = 0;
			shellPath = /bin/sh;
			shellScript = "diff \"${PODS_PODFILE_DIR_PATH}/Podfile.lock\" \"${PODS_ROOT}/Manifest.lock\" > /dev/null\nif [ $? != 0 ] ; then\n    # print error to STDERR\n    echo \"error: The sandbox is not in sync with the Podfile.lock. Run 'pod install' or update your CocoaPods installation.\" >&2\n    exit 1\nfi\n# This output is used by Xcode 'outputs' to avoid re-running this script phase.\necho \"SUCCESS\" > \"${SCRIPT_OUTPUT_FILE_0}\"\n";
			showEnvVarsInLog = 0;
		};
		708EBBE581927D6B87DCD672 /* [CP] Copy Pods Resources */ = {
			isa = PBXShellScriptBuildPhase;
			buildActionMask = 2147483647;
			files = (
			);
			inputFileListPaths = (
				"${PODS_ROOT}/Target Support Files/Pods-Sights-SightsUITests/Pods-Sights-SightsUITests-resources-${CONFIGURATION}-input-files.xcfilelist",
			);
			name = "[CP] Copy Pods Resources";
			outputFileListPaths = (
				"${PODS_ROOT}/Target Support Files/Pods-Sights-SightsUITests/Pods-Sights-SightsUITests-resources-${CONFIGURATION}-output-files.xcfilelist",
			);
			runOnlyForDeploymentPostprocessing = 0;
			shellPath = /bin/sh;
			shellScript = "\"${PODS_ROOT}/Target Support Files/Pods-Sights-SightsUITests/Pods-Sights-SightsUITests-resources.sh\"\n";
			showEnvVarsInLog = 0;
		};
		C6D290EC1E49F884697E687B /* [CP] Copy Pods Resources */ = {
			isa = PBXShellScriptBuildPhase;
			buildActionMask = 2147483647;
			files = (
			);
			inputFileListPaths = (
				"${PODS_ROOT}/Target Support Files/Pods-Sights/Pods-Sights-resources-${CONFIGURATION}-input-files.xcfilelist",
			);
			name = "[CP] Copy Pods Resources";
			outputFileListPaths = (
				"${PODS_ROOT}/Target Support Files/Pods-Sights/Pods-Sights-resources-${CONFIGURATION}-output-files.xcfilelist",
			);
			runOnlyForDeploymentPostprocessing = 0;
			shellPath = /bin/sh;
			shellScript = "\"${PODS_ROOT}/Target Support Files/Pods-Sights/Pods-Sights-resources.sh\"\n";
			showEnvVarsInLog = 0;
		};
		DACC239F9FF9B13A3BA24F07 /* [CP] Check Pods Manifest.lock */ = {
			isa = PBXShellScriptBuildPhase;
			buildActionMask = 2147483647;
			files = (
			);
			inputFileListPaths = (
			);
			inputPaths = (
				"${PODS_PODFILE_DIR_PATH}/Podfile.lock",
				"${PODS_ROOT}/Manifest.lock",
			);
			name = "[CP] Check Pods Manifest.lock";
			outputFileListPaths = (
			);
			outputPaths = (
				"$(DERIVED_FILE_DIR)/Pods-SightsTests-checkManifestLockResult.txt",
			);
			runOnlyForDeploymentPostprocessing = 0;
			shellPath = /bin/sh;
			shellScript = "diff \"${PODS_PODFILE_DIR_PATH}/Podfile.lock\" \"${PODS_ROOT}/Manifest.lock\" > /dev/null\nif [ $? != 0 ] ; then\n    # print error to STDERR\n    echo \"error: The sandbox is not in sync with the Podfile.lock. Run 'pod install' or update your CocoaPods installation.\" >&2\n    exit 1\nfi\n# This output is used by Xcode 'outputs' to avoid re-running this script phase.\necho \"SUCCESS\" > \"${SCRIPT_OUTPUT_FILE_0}\"\n";
			showEnvVarsInLog = 0;
		};
/* End PBXShellScriptBuildPhase section */

/* Begin PBXSourcesBuildPhase section */
		E9A8443623F4061500E3124B /* Sources */ = {
			isa = PBXSourcesBuildPhase;
			buildActionMask = 2147483647;
			files = (
				E9DA062D24336DDB002CCE7A /* PopUpDetailViewController.swift in Sources */,
				E9A8444223F4061500E3124B /* ViewController.swift in Sources */,
				E9A8443E23F4061500E3124B /* AppDelegate.swift in Sources */,
				E9A8447A23F4146B00E3124B /* RegisterViewController.swift in Sources */,
				E9DA06632435DE22002CCE7A /* WeatherManager.swift in Sources */,
				E9DA062824336D6B002CCE7A /* RecommendationCell.swift in Sources */,
				E9DA062B24336D6B002CCE7A /* SwiftExtensionClass.swift in Sources */,
				E9DA06612435DDF1002CCE7A /* WeatherData.swift in Sources */,
				E9DA061E242E7057002CCE7A /* DrivingPopUp.swift in Sources */,
				E960222B240D11C400B8B18C /* LBNotification.swift in Sources */,
				E9A8448A23F7182100E3124B /* POI.swift in Sources */,
				E9CCED02243B2B8B00B887A5 /* RewardViewController.swift in Sources */,
				E9196467243A387D0010B8B6 /* RewardView.swift in Sources */,
				E9DA062A24336D6B002CCE7A /* NotificationCell.swift in Sources */,
				E9A8447C23F4148A00E3124B /* LoginViewController.swift in Sources */,
				E960226B241CD6E300B8B18C /* CoreMotionManager.swift in Sources */,
				E9A8448E23F9EF8A00E3124B /* ListViewController.swift in Sources */,
				E9A8448023F414CA00E3124B /* GifViewController.swift in Sources */,
				E9DA066C243623AB002CCE7A /* ChallengeViewController.swift in Sources */,
				E9DA06592433CDD8002CCE7A /* SplashViewController.swift in Sources */,
				E9A8447E23F414B500E3124B /* HomeViewController.swift in Sources */,
				E9A8447423F40C4500E3124B /* Alert.swift in Sources */,
				E9A8447623F40C7300E3124B /* swift+gif.swift in Sources */,
				E9A8448823F69AB700E3124B /* POIView.swift in Sources */,
				E9DA0668243608AB002CCE7A /* Challenge.swift in Sources */,
				E9DA065F2434C245002CCE7A /* GuestViewController.swift in Sources */,
				E9DA06652435DE41002CCE7A /* WeatherModel.swift in Sources */,
				E9A8449023F9EFA700E3124B /* ProfileViewController.swift in Sources */,
				E9DA066A24360B5B002CCE7A /* HiddenObject.swift in Sources */,
				E9A8448C23F98A7000E3124B /* CheckInternet.swift in Sources */,
				E9A8447223F40C2E00E3124B /* Constants.swift in Sources */,
				E9DA062F24336DFD002CCE7A /* User.swift in Sources */,
				E9DA067424363A99002CCE7A /* ChallengePopUpVC.swift in Sources */,
			);
			runOnlyForDeploymentPostprocessing = 0;
		};
		E9A8444C23F4061900E3124B /* Sources */ = {
			isa = PBXSourcesBuildPhase;
			buildActionMask = 2147483647;
			files = (
				E9A8445523F4061900E3124B /* SightsTests.swift in Sources */,
			);
			runOnlyForDeploymentPostprocessing = 0;
		};
		E9A8445723F4061900E3124B /* Sources */ = {
			isa = PBXSourcesBuildPhase;
			buildActionMask = 2147483647;
			files = (
				E9A8446023F4061900E3124B /* SightsUITests.swift in Sources */,
			);
			runOnlyForDeploymentPostprocessing = 0;
		};
/* End PBXSourcesBuildPhase section */

/* Begin PBXTargetDependency section */
		E9A8445223F4061900E3124B /* PBXTargetDependency */ = {
			isa = PBXTargetDependency;
			target = E9A8443923F4061500E3124B /* Sights */;
			targetProxy = E9A8445123F4061900E3124B /* PBXContainerItemProxy */;
		};
		E9A8445D23F4061900E3124B /* PBXTargetDependency */ = {
			isa = PBXTargetDependency;
			target = E9A8443923F4061500E3124B /* Sights */;
			targetProxy = E9A8445C23F4061900E3124B /* PBXContainerItemProxy */;
		};
/* End PBXTargetDependency section */

/* Begin PBXVariantGroup section */
		E9A8444323F4061500E3124B /* Main.storyboard */ = {
			isa = PBXVariantGroup;
			children = (
				E9A8444423F4061500E3124B /* Base */,
			);
			name = Main.storyboard;
			sourceTree = "<group>";
		};
		E9A8444823F4061900E3124B /* LaunchScreen.storyboard */ = {
			isa = PBXVariantGroup;
			children = (
				E9A8444923F4061900E3124B /* Base */,
			);
			name = LaunchScreen.storyboard;
			sourceTree = "<group>";
		};
/* End PBXVariantGroup section */

/* Begin XCBuildConfiguration section */
		E9A8446223F4061900E3124B /* Debug */ = {
			isa = XCBuildConfiguration;
			buildSettings = {
				ALWAYS_SEARCH_USER_PATHS = NO;
				CLANG_ANALYZER_NONNULL = YES;
				CLANG_ANALYZER_NUMBER_OBJECT_CONVERSION = YES_AGGRESSIVE;
				CLANG_CXX_LANGUAGE_STANDARD = "gnu++14";
				CLANG_CXX_LIBRARY = "libc++";
				CLANG_ENABLE_MODULES = YES;
				CLANG_ENABLE_OBJC_ARC = YES;
				CLANG_ENABLE_OBJC_WEAK = YES;
				CLANG_WARN_BLOCK_CAPTURE_AUTORELEASING = YES;
				CLANG_WARN_BOOL_CONVERSION = YES;
				CLANG_WARN_COMMA = YES;
				CLANG_WARN_CONSTANT_CONVERSION = YES;
				CLANG_WARN_DEPRECATED_OBJC_IMPLEMENTATIONS = YES;
				CLANG_WARN_DIRECT_OBJC_ISA_USAGE = YES_ERROR;
				CLANG_WARN_DOCUMENTATION_COMMENTS = YES;
				CLANG_WARN_EMPTY_BODY = YES;
				CLANG_WARN_ENUM_CONVERSION = YES;
				CLANG_WARN_INFINITE_RECURSION = YES;
				CLANG_WARN_INT_CONVERSION = YES;
				CLANG_WARN_NON_LITERAL_NULL_CONVERSION = YES;
				CLANG_WARN_OBJC_IMPLICIT_RETAIN_SELF = YES;
				CLANG_WARN_OBJC_LITERAL_CONVERSION = YES;
				CLANG_WARN_OBJC_ROOT_CLASS = YES_ERROR;
				CLANG_WARN_RANGE_LOOP_ANALYSIS = YES;
				CLANG_WARN_STRICT_PROTOTYPES = YES;
				CLANG_WARN_SUSPICIOUS_MOVE = YES;
				CLANG_WARN_UNGUARDED_AVAILABILITY = YES_AGGRESSIVE;
				CLANG_WARN_UNREACHABLE_CODE = YES;
				CLANG_WARN__DUPLICATE_METHOD_MATCH = YES;
				COPY_PHASE_STRIP = NO;
				DEBUG_INFORMATION_FORMAT = dwarf;
				ENABLE_STRICT_OBJC_MSGSEND = YES;
				ENABLE_TESTABILITY = YES;
				GCC_C_LANGUAGE_STANDARD = gnu11;
				GCC_DYNAMIC_NO_PIC = NO;
				GCC_NO_COMMON_BLOCKS = YES;
				GCC_OPTIMIZATION_LEVEL = 0;
				GCC_PREPROCESSOR_DEFINITIONS = (
					"DEBUG=1",
					"$(inherited)",
				);
				GCC_WARN_64_TO_32_BIT_CONVERSION = YES;
				GCC_WARN_ABOUT_RETURN_TYPE = YES_ERROR;
				GCC_WARN_UNDECLARED_SELECTOR = YES;
				GCC_WARN_UNINITIALIZED_AUTOS = YES_AGGRESSIVE;
				GCC_WARN_UNUSED_FUNCTION = YES;
				GCC_WARN_UNUSED_VARIABLE = YES;
				IPHONEOS_DEPLOYMENT_TARGET = 13.2;
				MTL_ENABLE_DEBUG_INFO = INCLUDE_SOURCE;
				MTL_FAST_MATH = YES;
				ONLY_ACTIVE_ARCH = YES;
				SDKROOT = iphoneos;
				SWIFT_ACTIVE_COMPILATION_CONDITIONS = DEBUG;
				SWIFT_OPTIMIZATION_LEVEL = "-Onone";
			};
			name = Debug;
		};
		E9A8446323F4061900E3124B /* Release */ = {
			isa = XCBuildConfiguration;
			buildSettings = {
				ALWAYS_SEARCH_USER_PATHS = NO;
				CLANG_ANALYZER_NONNULL = YES;
				CLANG_ANALYZER_NUMBER_OBJECT_CONVERSION = YES_AGGRESSIVE;
				CLANG_CXX_LANGUAGE_STANDARD = "gnu++14";
				CLANG_CXX_LIBRARY = "libc++";
				CLANG_ENABLE_MODULES = YES;
				CLANG_ENABLE_OBJC_ARC = YES;
				CLANG_ENABLE_OBJC_WEAK = YES;
				CLANG_WARN_BLOCK_CAPTURE_AUTORELEASING = YES;
				CLANG_WARN_BOOL_CONVERSION = YES;
				CLANG_WARN_COMMA = YES;
				CLANG_WARN_CONSTANT_CONVERSION = YES;
				CLANG_WARN_DEPRECATED_OBJC_IMPLEMENTATIONS = YES;
				CLANG_WARN_DIRECT_OBJC_ISA_USAGE = YES_ERROR;
				CLANG_WARN_DOCUMENTATION_COMMENTS = YES;
				CLANG_WARN_EMPTY_BODY = YES;
				CLANG_WARN_ENUM_CONVERSION = YES;
				CLANG_WARN_INFINITE_RECURSION = YES;
				CLANG_WARN_INT_CONVERSION = YES;
				CLANG_WARN_NON_LITERAL_NULL_CONVERSION = YES;
				CLANG_WARN_OBJC_IMPLICIT_RETAIN_SELF = YES;
				CLANG_WARN_OBJC_LITERAL_CONVERSION = YES;
				CLANG_WARN_OBJC_ROOT_CLASS = YES_ERROR;
				CLANG_WARN_RANGE_LOOP_ANALYSIS = YES;
				CLANG_WARN_STRICT_PROTOTYPES = YES;
				CLANG_WARN_SUSPICIOUS_MOVE = YES;
				CLANG_WARN_UNGUARDED_AVAILABILITY = YES_AGGRESSIVE;
				CLANG_WARN_UNREACHABLE_CODE = YES;
				CLANG_WARN__DUPLICATE_METHOD_MATCH = YES;
				COPY_PHASE_STRIP = NO;
				DEBUG_INFORMATION_FORMAT = "dwarf-with-dsym";
				ENABLE_NS_ASSERTIONS = NO;
				ENABLE_STRICT_OBJC_MSGSEND = YES;
				GCC_C_LANGUAGE_STANDARD = gnu11;
				GCC_NO_COMMON_BLOCKS = YES;
				GCC_WARN_64_TO_32_BIT_CONVERSION = YES;
				GCC_WARN_ABOUT_RETURN_TYPE = YES_ERROR;
				GCC_WARN_UNDECLARED_SELECTOR = YES;
				GCC_WARN_UNINITIALIZED_AUTOS = YES_AGGRESSIVE;
				GCC_WARN_UNUSED_FUNCTION = YES;
				GCC_WARN_UNUSED_VARIABLE = YES;
				IPHONEOS_DEPLOYMENT_TARGET = 13.2;
				MTL_ENABLE_DEBUG_INFO = NO;
				MTL_FAST_MATH = YES;
				SDKROOT = iphoneos;
				SWIFT_COMPILATION_MODE = wholemodule;
				SWIFT_OPTIMIZATION_LEVEL = "-O";
				VALIDATE_PRODUCT = YES;
			};
			name = Release;
		};
		E9A8446523F4061900E3124B /* Debug */ = {
			isa = XCBuildConfiguration;
			baseConfigurationReference = 2B524A13305FC610982A0996 /* Pods-Sights.debug.xcconfig */;
			buildSettings = {
				ASSETCATALOG_COMPILER_APPICON_NAME = AppIcon;
				CODE_SIGN_STYLE = Automatic;
				DEVELOPMENT_TEAM = 3PL8CD7C53;
				INFOPLIST_FILE = Sights/Info.plist;
				IPHONEOS_DEPLOYMENT_TARGET = 13.2;
				LD_RUNPATH_SEARCH_PATHS = (
					"$(inherited)",
					"@executable_path/Frameworks",
				);
				PRODUCT_BUNDLE_IDENTIFIER = Noura.sights;
				PRODUCT_NAME = "$(TARGET_NAME)";
				SWIFT_VERSION = 5.0;
				TARGETED_DEVICE_FAMILY = 1;
			};
			name = Debug;
		};
		E9A8446623F4061900E3124B /* Release */ = {
			isa = XCBuildConfiguration;
			baseConfigurationReference = AB903413DAF400D9B9C0A7D6 /* Pods-Sights.release.xcconfig */;
			buildSettings = {
				ASSETCATALOG_COMPILER_APPICON_NAME = AppIcon;
				CODE_SIGN_STYLE = Automatic;
				DEVELOPMENT_TEAM = 3PL8CD7C53;
				INFOPLIST_FILE = Sights/Info.plist;
				IPHONEOS_DEPLOYMENT_TARGET = 13.2;
				LD_RUNPATH_SEARCH_PATHS = (
					"$(inherited)",
					"@executable_path/Frameworks",
				);
				PRODUCT_BUNDLE_IDENTIFIER = Noura.sights;
				PRODUCT_NAME = "$(TARGET_NAME)";
				SWIFT_VERSION = 5.0;
				TARGETED_DEVICE_FAMILY = 1;
			};
			name = Release;
		};
		E9A8446823F4061900E3124B /* Debug */ = {
			isa = XCBuildConfiguration;
			baseConfigurationReference = 2CFC476A6E891DD891E44F38 /* Pods-SightsTests.debug.xcconfig */;
			buildSettings = {
				ALWAYS_EMBED_SWIFT_STANDARD_LIBRARIES = YES;
				BUNDLE_LOADER = "$(TEST_HOST)";
				CODE_SIGN_STYLE = Automatic;
				DEVELOPMENT_TEAM = 3PL8CD7C53;
				INFOPLIST_FILE = SightsTests/Info.plist;
				IPHONEOS_DEPLOYMENT_TARGET = 13.2;
				LD_RUNPATH_SEARCH_PATHS = (
					"$(inherited)",
					"@executable_path/Frameworks",
					"@loader_path/Frameworks",
				);
				PRODUCT_BUNDLE_IDENTIFIER = com.LinaAlkhodair.SightsTests;
				PRODUCT_NAME = "$(TARGET_NAME)";
				SWIFT_VERSION = 5.0;
				TARGETED_DEVICE_FAMILY = "1,2";
				TEST_HOST = "$(BUILT_PRODUCTS_DIR)/Sights.app/Sights";
			};
			name = Debug;
		};
		E9A8446923F4061900E3124B /* Release */ = {
			isa = XCBuildConfiguration;
			baseConfigurationReference = E52A5DEC87F31DF609B32AEF /* Pods-SightsTests.release.xcconfig */;
			buildSettings = {
				ALWAYS_EMBED_SWIFT_STANDARD_LIBRARIES = YES;
				BUNDLE_LOADER = "$(TEST_HOST)";
				CODE_SIGN_STYLE = Automatic;
				DEVELOPMENT_TEAM = 3PL8CD7C53;
				INFOPLIST_FILE = SightsTests/Info.plist;
				IPHONEOS_DEPLOYMENT_TARGET = 13.2;
				LD_RUNPATH_SEARCH_PATHS = (
					"$(inherited)",
					"@executable_path/Frameworks",
					"@loader_path/Frameworks",
				);
				PRODUCT_BUNDLE_IDENTIFIER = com.LinaAlkhodair.SightsTests;
				PRODUCT_NAME = "$(TARGET_NAME)";
				SWIFT_VERSION = 5.0;
				TARGETED_DEVICE_FAMILY = "1,2";
				TEST_HOST = "$(BUILT_PRODUCTS_DIR)/Sights.app/Sights";
			};
			name = Release;
		};
		E9A8446B23F4061900E3124B /* Debug */ = {
			isa = XCBuildConfiguration;
			baseConfigurationReference = 8AAC6B5AAFC391BDE7F270CB /* Pods-Sights-SightsUITests.debug.xcconfig */;
			buildSettings = {
				ALWAYS_EMBED_SWIFT_STANDARD_LIBRARIES = YES;
				CODE_SIGN_STYLE = Automatic;
				DEVELOPMENT_TEAM = 3PL8CD7C53;
				INFOPLIST_FILE = SightsUITests/Info.plist;
				LD_RUNPATH_SEARCH_PATHS = (
					"$(inherited)",
					"@executable_path/Frameworks",
					"@loader_path/Frameworks",
				);
				PRODUCT_BUNDLE_IDENTIFIER = com.LinaAlkhodair.SightsUITests;
				PRODUCT_NAME = "$(TARGET_NAME)";
				SWIFT_VERSION = 5.0;
				TARGETED_DEVICE_FAMILY = "1,2";
				TEST_TARGET_NAME = Sights;
			};
			name = Debug;
		};
		E9A8446C23F4061900E3124B /* Release */ = {
			isa = XCBuildConfiguration;
			baseConfigurationReference = 618379A645DD4489B09946D4 /* Pods-Sights-SightsUITests.release.xcconfig */;
			buildSettings = {
				ALWAYS_EMBED_SWIFT_STANDARD_LIBRARIES = YES;
				CODE_SIGN_STYLE = Automatic;
				DEVELOPMENT_TEAM = 3PL8CD7C53;
				INFOPLIST_FILE = SightsUITests/Info.plist;
				LD_RUNPATH_SEARCH_PATHS = (
					"$(inherited)",
					"@executable_path/Frameworks",
					"@loader_path/Frameworks",
				);
				PRODUCT_BUNDLE_IDENTIFIER = com.LinaAlkhodair.SightsUITests;
				PRODUCT_NAME = "$(TARGET_NAME)";
				SWIFT_VERSION = 5.0;
				TARGETED_DEVICE_FAMILY = "1,2";
				TEST_TARGET_NAME = Sights;
			};
			name = Release;
		};
/* End XCBuildConfiguration section */

/* Begin XCConfigurationList section */
		E9A8443523F4061500E3124B /* Build configuration list for PBXProject "Sights" */ = {
			isa = XCConfigurationList;
			buildConfigurations = (
				E9A8446223F4061900E3124B /* Debug */,
				E9A8446323F4061900E3124B /* Release */,
			);
			defaultConfigurationIsVisible = 0;
			defaultConfigurationName = Release;
		};
		E9A8446423F4061900E3124B /* Build configuration list for PBXNativeTarget "Sights" */ = {
			isa = XCConfigurationList;
			buildConfigurations = (
				E9A8446523F4061900E3124B /* Debug */,
				E9A8446623F4061900E3124B /* Release */,
			);
			defaultConfigurationIsVisible = 0;
			defaultConfigurationName = Release;
		};
		E9A8446723F4061900E3124B /* Build configuration list for PBXNativeTarget "SightsTests" */ = {
			isa = XCConfigurationList;
			buildConfigurations = (
				E9A8446823F4061900E3124B /* Debug */,
				E9A8446923F4061900E3124B /* Release */,
			);
			defaultConfigurationIsVisible = 0;
			defaultConfigurationName = Release;
		};
		E9A8446A23F4061900E3124B /* Build configuration list for PBXNativeTarget "SightsUITests" */ = {
			isa = XCConfigurationList;
			buildConfigurations = (
				E9A8446B23F4061900E3124B /* Debug */,
				E9A8446C23F4061900E3124B /* Release */,
			);
			defaultConfigurationIsVisible = 0;
			defaultConfigurationName = Release;
		};
/* End XCConfigurationList section */
	};
	rootObject = E9A8443223F4061500E3124B /* Project object */;
}
